
Microsoft Visual Studio Solution File, Format Version 12.00
# Visual Studio 15
VisualStudioVersion = 15.0.27004.2009
MinimumVisualStudioVersion = 10.0.40219.1
Project("{FAE04EC0-301F-11D3-BF4B-00C04F79EFBC}") = "PFM", "PFM\PFM.csproj", "{5DB151F8-C2B2-4C3E-8277-0AF4C20742B2}"
EndProject
Global
	GlobalSection(SolutionConfigurationPlatforms) = preSolution
		Debug|Any CPU = Debug|Any CPU
		Release|Any CPU = Release|Any CPU
	EndGlobalSection
	GlobalSection(ProjectConfigurationPlatforms) = postSolution
		{5DB151F8-C2B2-4C3E-8277-0AF4C20742B2}.Debug|Any CPU.ActiveCfg = Debug|Any CPU
		{5DB151F8-C2B2-4C3E-8277-0AF4C20742B2}.Debug|Any CPU.Build.0 = Debug|Any CPU
		{5DB151F8-C2B2-4C3E-8277-0AF4C20742B2}.Release|Any CPU.ActiveCfg = Release|Any CPU
		{5DB151F8-C2B2-4C3E-8277-0AF4C20742B2}.Release|Any CPU.Build.0 = Release|Any CPU
	EndGlobalSection
	GlobalSection(SolutionProperties) = preSolution
		HideSolutionNode = FALSE
	EndGlobalSection
	GlobalSection(ExtensibilityGlobals) = postSolution
		SolutionGuid = {F7EEBFF2-4E11-49FD-ACF0-96E571A14D42}
	EndGlobalSection
EndGlobal
